
Microsoft Visual Studio Solution File, Format Version 12.00
# Visual Studio Version 17
VisualStudioVersion = 17.7.34221.43
MinimumVisualStudioVersion = 10.0.40219.1
Project("{FAE04EC0-301F-11D3-BF4B-00C04F79EFBC}") = "CourseService", "CourseService\CourseService.csproj", "{4CA5939E-377C-4680-8CCC-E386DAFCDC7D}"
EndProject
Global
	GlobalSection(SolutionConfigurationPlatforms) = preSolution
		Debug|Any CPU = Debug|Any CPU
		Release|Any CPU = Release|Any CPU
	EndGlobalSection
	GlobalSection(ProjectConfigurationPlatforms) = postSolution
		{4CA5939E-377C-4680-8CCC-E386DAFCDC7D}.Debug|Any CPU.ActiveCfg = Debug|Any CPU
		{4CA5939E-377C-4680-8CCC-E386DAFCDC7D}.Debug|Any CPU.Build.0 = Debug|Any CPU
		{4CA5939E-377C-4680-8CCC-E386DAFCDC7D}.Release|Any CPU.ActiveCfg = Release|Any CPU
		{4CA5939E-377C-4680-8CCC-E386DAFCDC7D}.Release|Any CPU.Build.0 = Release|Any CPU
	EndGlobalSection
	GlobalSection(SolutionProperties) = preSolution
		HideSolutionNode = FALSE
	EndGlobalSection
	GlobalSection(ExtensibilityGlobals) = postSolution
		SolutionGuid = {28CB3E9D-B844-4173-B6CE-E2E184C7C9BB}
	EndGlobalSection
EndGlobal
